
Microsoft Visual Studio Solution File, Format Version 12.00
# Visual Studio Version 17
VisualStudioVersion = 17.9.34728.123
MinimumVisualStudioVersion = 10.0.40219.1
Project("{9A19103F-16F7-4668-BE54-9A1E7A4F7556}") = "SortKata", "SortKata\SortKata.csproj", "{1E4225DD-6814-4DA3-B468-C3165A3FC93D}"
EndProject
Project("{9A19103F-16F7-4668-BE54-9A1E7A4F7556}") = "SortKataTest", "SortKataTest\SortKataTest.csproj", "{F2B51A3B-B21C-4D72-852F-FE545AFF7CCA}"
EndProject
Global
	GlobalSection(SolutionConfigurationPlatforms) = preSolution
		Debug|Any CPU = Debug|Any CPU
		Release|Any CPU = Release|Any CPU
	EndGlobalSection
	GlobalSection(ProjectConfigurationPlatforms) = postSolution
		{1E4225DD-6814-4DA3-B468-C3165A3FC93D}.Debug|Any CPU.ActiveCfg = Debug|Any CPU
		{1E4225DD-6814-4DA3-B468-C3165A3FC93D}.Debug|Any CPU.Build.0 = Debug|Any CPU
		{1E4225DD-6814-4DA3-B468-C3165A3FC93D}.Release|Any CPU.ActiveCfg = Release|Any CPU
		{1E4225DD-6814-4DA3-B468-C3165A3FC93D}.Release|Any CPU.Build.0 = Release|Any CPU
		{F2B51A3B-B21C-4D72-852F-FE545AFF7CCA}.Debug|Any CPU.ActiveCfg = Debug|Any CPU
		{F2B51A3B-B21C-4D72-852F-FE545AFF7CCA}.Debug|Any CPU.Build.0 = Debug|Any CPU
		{F2B51A3B-B21C-4D72-852F-FE545AFF7CCA}.Release|Any CPU.ActiveCfg = Release|Any CPU
		{F2B51A3B-B21C-4D72-852F-FE545AFF7CCA}.Release|Any CPU.Build.0 = Release|Any CPU
	EndGlobalSection
	GlobalSection(SolutionProperties) = preSolution
		HideSolutionNode = FALSE
	EndGlobalSection
	GlobalSection(ExtensibilityGlobals) = postSolution
		SolutionGuid = {368F0E74-5EDF-436A-B951-0B61F5C198CD}
	EndGlobalSection
EndGlobal
